
Microsoft Visual Studio Solution File, Format Version 12.00
# Visual Studio Version 16
VisualStudioVersion = 16.0.32602.291
MinimumVisualStudioVersion = 10.0.40219.1
Project("{9A19103F-16F7-4668-BE54-9A1E7A4F7556}") = "SimulacroDeParcialFelipeTorres", "SimulacroDeParcialFelipeTorres\SimulacroDeParcialFelipeTorres.csproj", "{56ADD67F-EDC0-42E4-BD9D-E4161386FAAD}"
EndProject
Project("{2150E333-8FDC-42A3-9474-1A3956D46DE8}") = "Solution Items", "Solution Items", "{3BAD64E7-82B3-4F96-8990-6DBEA32C96C1}"
	ProjectSection(SolutionItems) = preProject
		.editorconfig = .editorconfig
	EndProjectSection
EndProject
Global
	GlobalSection(SolutionConfigurationPlatforms) = preSolution
		Debug|Any CPU = Debug|Any CPU
		Release|Any CPU = Release|Any CPU
	EndGlobalSection
	GlobalSection(ProjectConfigurationPlatforms) = postSolution
		{56ADD67F-EDC0-42E4-BD9D-E4161386FAAD}.Debug|Any CPU.ActiveCfg = Debug|Any CPU
		{56ADD67F-EDC0-42E4-BD9D-E4161386FAAD}.Debug|Any CPU.Build.0 = Debug|Any CPU
		{56ADD67F-EDC0-42E4-BD9D-E4161386FAAD}.Release|Any CPU.ActiveCfg = Release|Any CPU
		{56ADD67F-EDC0-42E4-BD9D-E4161386FAAD}.Release|Any CPU.Build.0 = Release|Any CPU
	EndGlobalSection
	GlobalSection(SolutionProperties) = preSolution
		HideSolutionNode = FALSE
	EndGlobalSection
	GlobalSection(ExtensibilityGlobals) = postSolution
		SolutionGuid = {E8D07C2E-09B6-4113-AB50-2EA897E49CD9}
	EndGlobalSection
EndGlobal
